
Microsoft Visual Studio Solution File, Format Version 12.00
# Visual Studio Version 17
VisualStudioVersion = 17.6.33801.468
MinimumVisualStudioVersion = 10.0.40219.1
Project("{9A19103F-16F7-4668-BE54-9A1E7A4F7556}") = "Contoso.Expenses.API", "Contoso.Expenses.API\Contoso.Expenses.API.csproj", "{80727FE6-EBF0-4825-9DAA-6C2449AD4732}"
EndProject
Project("{9A19103F-16F7-4668-BE54-9A1E7A4F7556}") = "Contoso.Expenses.Common", "Contoso.Common\Contoso.Expenses.Common.csproj", "{C1292895-9F2F-4D64-81A6-C5D2DA09E027}"
EndProject
Project("{2150E333-8FDC-42A3-9474-1A3956D46DE8}") = "Solution Items", "Solution Items", "{1CF87116-5DEE-4C00-8687-E4813F8E4668}"
	ProjectSection(SolutionItems) = preProject
		backend.yaml = backend.yaml
		frontend.yaml = frontend.yaml
		README.md = README.md
		function.yaml = function.yaml
	EndProjectSection
EndProject
Project("{9A19103F-16F7-4668-BE54-9A1E7A4F7556}") = "Contoso.Expenses.Function", "Contoso.Expenses.Function\Contoso.Expenses.Function.csproj", "{D970D874-3CC3-4FF5-9279-AD8A96A97D64}"
EndProject
Project("{9A19103F-16F7-4668-BE54-9A1E7A4F7556}") = "Contoso.Expenses.Web", "Contoso.Expenses.Web\Contoso.Expenses.Web.csproj", "{2376D120-36B6-4CC7-8D27-9F10057D4B32}"
EndProject
Global
	GlobalSection(SolutionConfigurationPlatforms) = preSolution
		Debug|Any CPU = Debug|Any CPU
		Release|Any CPU = Release|Any CPU
	EndGlobalSection
	GlobalSection(ProjectConfigurationPlatforms) = postSolution
		{80727FE6-EBF0-4825-9DAA-6C2449AD4732}.Debug|Any CPU.ActiveCfg = Debug|Any CPU
		{80727FE6-EBF0-4825-9DAA-6C2449AD4732}.Debug|Any CPU.Build.0 = Debug|Any CPU
		{80727FE6-EBF0-4825-9DAA-6C2449AD4732}.Release|Any CPU.ActiveCfg = Release|Any CPU
		{80727FE6-EBF0-4825-9DAA-6C2449AD4732}.Release|Any CPU.Build.0 = Release|Any CPU
		{C1292895-9F2F-4D64-81A6-C5D2DA09E027}.Debug|Any CPU.ActiveCfg = Debug|Any CPU
		{C1292895-9F2F-4D64-81A6-C5D2DA09E027}.Debug|Any CPU.Build.0 = Debug|Any CPU
		{C1292895-9F2F-4D64-81A6-C5D2DA09E027}.Release|Any CPU.ActiveCfg = Release|Any CPU
		{C1292895-9F2F-4D64-81A6-C5D2DA09E027}.Release|Any CPU.Build.0 = Release|Any CPU
		{D970D874-3CC3-4FF5-9279-AD8A96A97D64}.Debug|Any CPU.ActiveCfg = Debug|Any CPU
		{D970D874-3CC3-4FF5-9279-AD8A96A97D64}.Debug|Any CPU.Build.0 = Debug|Any CPU
		{D970D874-3CC3-4FF5-9279-AD8A96A97D64}.Release|Any CPU.ActiveCfg = Release|Any CPU
		{D970D874-3CC3-4FF5-9279-AD8A96A97D64}.Release|Any CPU.Build.0 = Release|Any CPU
		{2376D120-36B6-4CC7-8D27-9F10057D4B32}.Debug|Any CPU.ActiveCfg = Debug|Any CPU
		{2376D120-36B6-4CC7-8D27-9F10057D4B32}.Debug|Any CPU.Build.0 = Debug|Any CPU
		{2376D120-36B6-4CC7-8D27-9F10057D4B32}.Release|Any CPU.ActiveCfg = Release|Any CPU
		{2376D120-36B6-4CC7-8D27-9F10057D4B32}.Release|Any CPU.Build.0 = Release|Any CPU
	EndGlobalSection
	GlobalSection(SolutionProperties) = preSolution
		HideSolutionNode = FALSE
	EndGlobalSection
	GlobalSection(ExtensibilityGlobals) = postSolution
		SolutionGuid = {C3333FA8-27B3-469C-B633-14D31980AA92}
	EndGlobalSection
EndGlobal
